
Microsoft Visual Studio Solution File, Format Version 12.00
# Visual Studio Version 17
VisualStudioVersion = 17.7.34031.279
MinimumVisualStudioVersion = 10.0.40219.1
Project("{FAE04EC0-301F-11D3-BF4B-00C04F79EFBC}") = "baiktra", "baiktra\baiktra.csproj", "{C4572878-DE05-47BB-A21B-0A8506932C6B}"
EndProject
Global
	GlobalSection(SolutionConfigurationPlatforms) = preSolution
		Debug|Any CPU = Debug|Any CPU
		Release|Any CPU = Release|Any CPU
	EndGlobalSection
	GlobalSection(ProjectConfigurationPlatforms) = postSolution
		{C4572878-DE05-47BB-A21B-0A8506932C6B}.Debug|Any CPU.ActiveCfg = Debug|Any CPU
		{C4572878-DE05-47BB-A21B-0A8506932C6B}.Debug|Any CPU.Build.0 = Debug|Any CPU
		{C4572878-DE05-47BB-A21B-0A8506932C6B}.Release|Any CPU.ActiveCfg = Release|Any CPU
		{C4572878-DE05-47BB-A21B-0A8506932C6B}.Release|Any CPU.Build.0 = Release|Any CPU
	EndGlobalSection
	GlobalSection(SolutionProperties) = preSolution
		HideSolutionNode = FALSE
	EndGlobalSection
	GlobalSection(ExtensibilityGlobals) = postSolution
		SolutionGuid = {E70E715A-E025-4FCE-A3DD-D2E5ADD5506B}
	EndGlobalSection
EndGlobal
